
Microsoft Visual Studio Solution File, Format Version 12.00
# Visual Studio 15
VisualStudioVersion = 15.0.28307.1340
MinimumVisualStudioVersion = 10.0.40219.1
Project("{9A19103F-16F7-4668-BE54-9A1E7A4F7556}") = "Server", "Server\Server.csproj", "{EC006EDB-C824-41ED-943E-DCF8EA29D269}"
EndProject
Project("{9A19103F-16F7-4668-BE54-9A1E7A4F7556}") = "Client", "Client\Client.csproj", "{C7349E13-C707-4F91-8F65-D72793F1734B}"
EndProject
Project("{9A19103F-16F7-4668-BE54-9A1E7A4F7556}") = "Helper.Test", "Helper.Test\Helper.Test.csproj", "{F2996D4E-8E86-45C3-ADC8-25EE715FB413}"
EndProject
Project("{FAE04EC0-301F-11D3-BF4B-00C04F79EFBC}") = "Helper", "Helper\Helper.csproj", "{1200F407-F21D-4EC7-8804-013646CC6FB4}"
EndProject
Global
	GlobalSection(SolutionConfigurationPlatforms) = preSolution
		Debug|Any CPU = Debug|Any CPU
		Release|Any CPU = Release|Any CPU
	EndGlobalSection
	GlobalSection(ProjectConfigurationPlatforms) = postSolution
		{EC006EDB-C824-41ED-943E-DCF8EA29D269}.Debug|Any CPU.ActiveCfg = Debug|Any CPU
		{EC006EDB-C824-41ED-943E-DCF8EA29D269}.Debug|Any CPU.Build.0 = Debug|Any CPU
		{EC006EDB-C824-41ED-943E-DCF8EA29D269}.Release|Any CPU.ActiveCfg = Release|Any CPU
		{EC006EDB-C824-41ED-943E-DCF8EA29D269}.Release|Any CPU.Build.0 = Release|Any CPU
		{C7349E13-C707-4F91-8F65-D72793F1734B}.Debug|Any CPU.ActiveCfg = Debug|Any CPU
		{C7349E13-C707-4F91-8F65-D72793F1734B}.Debug|Any CPU.Build.0 = Debug|Any CPU
		{C7349E13-C707-4F91-8F65-D72793F1734B}.Release|Any CPU.ActiveCfg = Release|Any CPU
		{C7349E13-C707-4F91-8F65-D72793F1734B}.Release|Any CPU.Build.0 = Release|Any CPU
		{F2996D4E-8E86-45C3-ADC8-25EE715FB413}.Debug|Any CPU.ActiveCfg = Debug|Any CPU
		{F2996D4E-8E86-45C3-ADC8-25EE715FB413}.Debug|Any CPU.Build.0 = Debug|Any CPU
		{F2996D4E-8E86-45C3-ADC8-25EE715FB413}.Release|Any CPU.ActiveCfg = Release|Any CPU
		{F2996D4E-8E86-45C3-ADC8-25EE715FB413}.Release|Any CPU.Build.0 = Release|Any CPU
		{1200F407-F21D-4EC7-8804-013646CC6FB4}.Debug|Any CPU.ActiveCfg = Debug|Any CPU
		{1200F407-F21D-4EC7-8804-013646CC6FB4}.Debug|Any CPU.Build.0 = Debug|Any CPU
		{1200F407-F21D-4EC7-8804-013646CC6FB4}.Release|Any CPU.ActiveCfg = Release|Any CPU
		{1200F407-F21D-4EC7-8804-013646CC6FB4}.Release|Any CPU.Build.0 = Release|Any CPU
	EndGlobalSection
	GlobalSection(SolutionProperties) = preSolution
		HideSolutionNode = FALSE
	EndGlobalSection
	GlobalSection(ExtensibilityGlobals) = postSolution
		SolutionGuid = {B1FC22E1-18E5-42A0-920B-E80C5D16E5FC}
	EndGlobalSection
EndGlobal
